// !$*UTF8*$!
{
	archiveVersion = 1;
	classes = {
	};
	objectVersion = 46;
	objects = {

/* Begin PBXBuildFile section */
		C580F8381CE603160025DF84 /* AppDelegate.swift in Sources */ = {isa = PBXBuildFile; fileRef = C580F8371CE603160025DF84 /* AppDelegate.swift */; };
		C580F83A1CE603160025DF84 /* ViewController.swift in Sources */ = {isa = PBXBuildFile; fileRef = C580F8391CE603160025DF84 /* ViewController.swift */; };
		C580F83D1CE603160025DF84 /* Main.storyboard in Resources */ = {isa = PBXBuildFile; fileRef = C580F83B1CE603160025DF84 /* Main.storyboard */; };
		C580F83F1CE603160025DF84 /* Assets.xcassets in Resources */ = {isa = PBXBuildFile; fileRef = C580F83E1CE603160025DF84 /* Assets.xcassets */; };
		C580F8421CE603160025DF84 /* LaunchScreen.storyboard in Resources */ = {isa = PBXBuildFile; fileRef = C580F8401CE603160025DF84 /* LaunchScreen.storyboard */; };
		C580F8971CE740210025DF84 /* MyTodo.swift in Sources */ = {isa = PBXBuildFile; fileRef = C580F8961CE740210025DF84 /* MyTodo.swift */; };
/* End PBXBuildFile section */

/* Begin PBXFileReference section */
		C580F8341CE603160025DF84 /* myToDoList.app */ = {isa = PBXFileReference; explicitFileType = wrapper.application; includeInIndex = 0; path = myToDoList.app; sourceTree = BUILT_PRODUCTS_DIR; };
		C580F8371CE603160025DF84 /* AppDelegate.swift */ = {isa = PBXFileReference; lastKnownFileType = sourcecode.swift; path = AppDelegate.swift; sourceTree = "<group>"; };
		C580F8391CE603160025DF84 /* ViewController.swift */ = {isa = PBXFileReference; lastKnownFileType = sourcecode.swift; path = ViewController.swift; sourceTree = "<group>"; };
		C580F83C1CE603160025DF84 /* Base */ = {isa = PBXFileReference; lastKnownFileType = file.storyboard; name = Base; path = Base.lproj/Main.storyboard; sourceTree = "<group>"; };
		C580F83E1CE603160025DF84 /* Assets.xcassets */ = {isa = PBXFileReference; lastKnownFileType = folder.assetcatalog; path = Assets.xcassets; sourceTree = "<group>"; };
		C580F8411CE603160025DF84 /* Base */ = {isa = PBXFileReference; lastKnownFileType = file.storyboard; name = Base; path = Base.lproj/LaunchScreen.storyboard; sourceTree = "<group>"; };
		C580F8431CE603160025DF84 /* Info.plist */ = {isa = PBXFileReference; lastKnownFileType = text.plist.xml; path = Info.plist; sourceTree = "<group>"; };
		C580F8961CE740210025DF84 /* MyTodo.swift */ = {isa = PBXFileReference; fileEncoding = 4; lastKnownFileType = sourcecode.swift; path = MyTodo.swift; sourceTree = "<group>"; };
/* End PBXFileReference section */

/* Begin PBXFrameworksBuildPhase section */
		C580F8311CE603160025DF84 /* Frameworks */ = {
			isa = PBXFrameworksBuildPhase;
			buildActionMask = 2147483647;
			files = (
			);
			runOnlyForDeploymentPostprocessing = 0;
		};
/* End PBXFrameworksBuildPhase section */

/* Begin PBXGroup section */
		C580F82B1CE603160025DF84 = {
			isa = PBXGroup;
			children = (
				C580F8361CE603160025DF84 /* myToDoList */,
				C580F8351CE603160025DF84 /* Products */,
			);
			sourceTree = "<group>";
		};
		C580F8351CE603160025DF84 /* Products */ = {
			isa = PBXGroup;
			children = (
				C580F8341CE603160025DF84 /* myToDoList.app */,
			);
			name = Products;
			sourceTree = "<group>";
		};
		C580F8361CE603160025DF84 /* myToDoList */ = {
			isa = PBXGroup;
			children = (
				C580F8371CE603160025DF84 /* AppDelegate.swift */,
				C580F8391CE603160025DF84 /* ViewController.swift */,
				C580F8961CE740210025DF84 /* MyTodo.swift */,
				C580F83B1CE603160025DF84 /* Main.storyboard */,
				C580F83E1CE603160025DF84 /* Assets.xcassets */,
				C580F8401CE603160025DF84 /* LaunchScreen.storyboard */,
				C580F8431CE603160025DF84 /* Info.plist */,
			);
			path = myToDoList;
			sourceTree = "<group>";
		};
/* End PBXGroup section */

/* Begin PBXNativeTarget section */
		C580F8331CE603160025DF84 /* myToDoList */ = {
			isa = PBXNativeTarget;
			buildConfigurationList = C580F8461CE603160025DF84 /* Build configuration list for PBXNativeTarget "myToDoList" */;
			buildPhases = (
				C580F8301CE603160025DF84 /* Sources */,
				C580F8311CE603160025DF84 /* Frameworks */,
				C580F8321CE603160025DF84 /* Resources */,
			);
			buildRules = (
			);
			dependencies = (
			);
			name = myToDoList;
			productName = myToDoList;
			productReference = C580F8341CE603160025DF84 /* myToDoList.app */;
			productType = "com.apple.product-type.application";
		};
/* End PBXNativeTarget section */

/* Begin PBXProject section */
		C580F82C1CE603160025DF84 /* Project object */ = {
			isa = PBXProject;
			attributes = {
				LastSwiftUpdateCheck = 0730;
				LastUpgradeCheck = 0730;
				ORGANIZATIONNAME = "Shinya Yamamoto";
				TargetAttributes = {
					C580F8331CE603160025DF84 = {
						CreatedOnToolsVersion = 7.3.1;
						DevelopmentTeam = 555AYYM2W4;
					};
				};
			};
			buildConfigurationList = C580F82F1CE603160025DF84 /* Build configuration list for PBXProject "myToDoList" */;
			compatibilityVersion = "Xcode 3.2";
			developmentRegion = English;
			hasScannedForEncodings = 0;
			knownRegions = (
				en,
				Base,
			);
			mainGroup = C580F82B1CE603160025DF84;
			productRefGroup = C580F8351CE603160025DF84 /* Products */;
			projectDirPath = "";
			projectRoot = "";
			targets = (
				C580F8331CE603160025DF84 /* myToDoList */,
			);
		};
/* End PBXProject section */

/* Begin PBXResourcesBuildPhase section */
		C580F8321CE603160025DF84 /* Resources */ = {
			isa = PBXResourcesBuildPhase;
			buildActionMask = 2147483647;
			files = (
				C580F8421CE603160025DF84 /* LaunchScreen.storyboard in Resources */,
				C580F83F1CE603160025DF84 /* Assets.xcassets in Resources */,
				C580F83D1CE603160025DF84 /* Main.storyboard in Resources */,
			);
			runOnlyForDeploymentPostprocessing = 0;
		};
/* End PBXResourcesBuildPhase section */

/* Begin PBXSourcesBuildPhase section */
		C580F8301CE603160025DF84 /* Sources */ = {
			isa = PBXSourcesBuildPhase;
			buildActionMask = 2147483647;
			files = (
				C580F83A1CE603160025DF84 /* ViewController.swift in Sources */,
				C580F8971CE740210025DF84 /* MyTodo.swift in Sources */,
				C580F8381CE603160025DF84 /* AppDelegate.swift in Sources */,
			);
			runOnlyForDeploymentPostprocessing = 0;
		};
/* End PBXSourcesBuildPhase section */

/* Begin PBXVariantGroup section */
		C580F83B1CE603160025DF84 /* Main.storyboard */ = {
			isa = PBXVariantGroup;
			children = (
				C580F83C1CE603160025DF84 /* Base */,
			);
			name = Main.storyboard;
			sourceTree = "<group>";
		};
		C580F8401CE603160025DF84 /* LaunchScreen.storyboard */ = {
			isa = PBXVariantGroup;
			children = (
				C580F8411CE603160025DF84 /* Base */,
			);
			name = LaunchScreen.storyboard;
			sourceTree = "<group>";
		};
/* End PBXVariantGroup section */

/* Begin XCBuildConfiguration section */
		C580F8441CE603160025DF84 /* Debug */ = {
			isa = XCBuildConfiguration;
			buildSettings = {
				ALWAYS_SEARCH_USER_PATHS = NO;
				CLANG_ANALYZER_NONNULL = YES;
				CLANG_CXX_LANGUAGE_STANDARD = "gnu++0x";
				CLANG_CXX_LIBRARY = "libc++";
				CLANG_ENABLE_MODULES = YES;
				CLANG_ENABLE_OBJC_ARC = YES;
				CLANG_WARN_BOOL_CONVERSION = YES;
				CLANG_WARN_CONSTANT_CONVERSION = YES;
				CLANG_WARN_DIRECT_OBJC_ISA_USAGE = YES_ERROR;
				CLANG_WARN_EMPTY_BODY = YES;
				CLANG_WARN_ENUM_CONVERSION = YES;
				CLANG_WARN_INT_CONVERSION = YES;
				CLANG_WARN_OBJC_ROOT_CLASS = YES_ERROR;
				CLANG_WARN_UNREACHABLE_CODE = YES;
				CLANG_WARN__DUPLICATE_METHOD_MATCH = YES;
				"CODE_SIGN_IDENTITY[sdk=iphoneos*]" = "iPhone Developer";
				COPY_PHASE_STRIP = NO;
				DEBUG_INFORMATION_FORMAT = dwarf;
				ENABLE_STRICT_OBJC_MSGSEND = YES;
				ENABLE_TESTABILITY = YES;
				GCC_C_LANGUAGE_STANDARD = gnu99;
				GCC_DYNAMIC_NO_PIC = NO;
				GCC_NO_COMMON_BLOCKS = YES;
				GCC_OPTIMIZATION_LEVEL = 0;
				GCC_PREPROCESSOR_DEFINITIONS = (
					"DEBUG=1",
					"$(inherited)",
				);
				GCC_WARN_64_TO_32_BIT_CONVERSION = YES;
				GCC_WARN_ABOUT_RETURN_TYPE = YES_ERROR;
				GCC_WARN_UNDECLARED_SELECTOR = YES;
				GCC_WARN_UNINITIALIZED_AUTOS = YES_AGGRESSIVE;
				GCC_WARN_UNUSED_FUNCTION = YES;
				GCC_WARN_UNUSED_VARIABLE = YES;
				IPHONEOS_DEPLOYMENT_TARGET = 9.3;
				MTL_ENABLE_DEBUG_INFO = YES;
				ONLY_ACTIVE_ARCH = YES;
				SDKROOT = iphoneos;
				SWIFT_OPTIMIZATION_LEVEL = "-Onone";
				TARGETED_DEVICE_FAMILY = "1,2";
			};
			name = Debug;
		};
		C580F8451CE603160025DF84 /* Release */ = {
			isa = XCBuildConfiguration;
			buildSettings = {
				ALWAYS_SEARCH_USER_PATHS = NO;
				CLANG_ANALYZER_NONNULL = YES;
				CLANG_CXX_LANGUAGE_STANDARD = "gnu++0x";
				CLANG_CXX_LIBRARY = "libc++";
				CLANG_ENABLE_MODULES = YES;
				CLANG_ENABLE_OBJC_ARC = YES;
				CLANG_WARN_BOOL_CONVERSION = YES;
				CLANG_WARN_CONSTANT_CONVERSION = YES;
				CLANG_WARN_DIRECT_OBJC_ISA_USAGE = YES_ERROR;
				CLANG_WARN_EMPTY_BODY = YES;
				CLANG_WARN_ENUM_CONVERSION = YES;
				CLANG_WARN_INT_CONVERSION = YES;
				CLANG_WARN_OBJC_ROOT_CLASS = YES_ERROR;
				CLANG_WARN_UNREACHABLE_CODE = YES;
				CLANG_WARN__DUPLICATE_METHOD_MATCH = YES;
				"CODE_SIGN_IDENTITY[sdk=iphoneos*]" = "iPhone Developer";
				COPY_PHASE_STRIP = NO;
				DEBUG_INFORMATION_FORMAT = "dwarf-with-dsym";
				ENABLE_NS_ASSERTIONS = NO;
				ENABLE_STRICT_OBJC_MSGSEND = YES;
				GCC_C_LANGUAGE_STANDARD = gnu99;
				GCC_NO_COMMON_BLOCKS = YES;
				GCC_WARN_64_TO_32_BIT_CONVERSION = YES;
				GCC_WARN_ABOUT_RETURN_TYPE = YES_ERROR;
				GCC_WARN_UNDECLARED_SELECTOR = YES;
				GCC_WARN_UNINITIALIZED_AUTOS = YES_AGGRESSIVE;
				GCC_WARN_UNUSED_FUNCTION = YES;
				GCC_WARN_UNUSED_VARIABLE = YES;
				IPHONEOS_DEPLOYMENT_TARGET = 9.3;
				MTL_ENABLE_DEBUG_INFO = NO;
				SDKROOT = iphoneos;
				TARGETED_DEVICE_FAMILY = "1,2";
				VALIDATE_PRODUCT = YES;
			};
			name = Release;
		};
		C580F8471CE603160025DF84 /* Debug */ = {
			isa = XCBuildConfiguration;
			buildSettings = {
				ASSETCATALOG_COMPILER_APPICON_NAME = AppIcon;
				CODE_SIGN_IDENTITY = "iPhone Developer";
				"CODE_SIGN_IDENTITY[sdk=iphoneos*]" = "iPhone Developer";
				INFOPLIST_FILE = myToDoList/Info.plist;
				LD_RUNPATH_SEARCH_PATHS = "$(inherited) @executable_path/Frameworks";
				PRODUCT_BUNDLE_IDENTIFIER = ymmtshny.myToDoList;
				PRODUCT_NAME = "$(TARGET_NAME)";
				PROVISIONING_PROFILE = "";
			};
			name = Debug;
		};
		C580F8481CE603160025DF84 /* Release */ = {
			isa = XCBuildConfiguration;
			buildSettings = {
				ASSETCATALOG_COMPILER_APPICON_NAME = AppIcon;
				CODE_SIGN_IDENTITY = "iPhone Developer";
				"CODE_SIGN_IDENTITY[sdk=iphoneos*]" = "iPhone Developer";
				INFOPLIST_FILE = myToDoList/Info.plist;
				LD_RUNPATH_SEARCH_PATHS = "$(inherited) @executable_path/Frameworks";
				PRODUCT_BUNDLE_IDENTIFIER = ymmtshny.myToDoList;
				PRODUCT_NAME = "$(TARGET_NAME)";
				PROVISIONING_PROFILE = "";
			};
			name = Release;
		};
/* End XCBuildConfiguration section */

/* Begin XCConfigurationList section */
		C580F82F1CE603160025DF84 /* Build configuration list for PBXProject "myToDoList" */ = {
			isa = XCConfigurationList;
			buildConfigurations = (
				C580F8441CE603160025DF84 /* Debug */,
				C580F8451CE603160025DF84 /* Release */,
			);
			defaultConfigurationIsVisible = 0;
			defaultConfigurationName = Release;
		};
		C580F8461CE603160025DF84 /* Build configuration list for PBXNativeTarget "myToDoList" */ = {
			isa = XCConfigurationList;
			buildConfigurations = (
				C580F8471CE603160025DF84 /* Debug */,
				C580F8481CE603160025DF84 /* Release */,
			);
			defaultConfigurationIsVisible = 0;
			defaultConfigurationName = Release;
		};
/* End XCConfigurationList section */
	};
	rootObject = C580F82C1CE603160025DF84 /* Project object */;
}
